
Microsoft Visual Studio Solution File, Format Version 12.00
# Visual Studio 15
VisualStudioVersion = 15.0.26124.0
MinimumVisualStudioVersion = 15.0.26124.0
Project("{FAE04EC0-301F-11D3-BF4B-00C04F79EFBC}") = "Domain", "Domain\Domain.csproj", "{3A144006-C7CC-42F0-A631-D123DE583043}"
EndProject
Project("{FAE04EC0-301F-11D3-BF4B-00C04F79EFBC}") = "Application", "Application\Application.csproj", "{1291C60B-4A6A-46DC-B78D-FC5D88D7BA0A}"
EndProject
Project("{FAE04EC0-301F-11D3-BF4B-00C04F79EFBC}") = "Persistence", "Persistence\Persistence.csproj", "{DED43361-1E9E-477C-B32A-8A8ED76EBF3F}"
EndProject
Project("{FAE04EC0-301F-11D3-BF4B-00C04F79EFBC}") = "API", "API\API.csproj", "{54CD783F-7024-42C5-AF61-0169567E9594}"
EndProject
Global
	GlobalSection(SolutionConfigurationPlatforms) = preSolution
		Debug|Any CPU = Debug|Any CPU
		Debug|x64 = Debug|x64
		Debug|x86 = Debug|x86
		Release|Any CPU = Release|Any CPU
		Release|x64 = Release|x64
		Release|x86 = Release|x86
	EndGlobalSection
	GlobalSection(SolutionProperties) = preSolution
		HideSolutionNode = FALSE
	EndGlobalSection
	GlobalSection(ProjectConfigurationPlatforms) = postSolution
		{3A144006-C7CC-42F0-A631-D123DE583043}.Debug|Any CPU.ActiveCfg = Debug|Any CPU
		{3A144006-C7CC-42F0-A631-D123DE583043}.Debug|Any CPU.Build.0 = Debug|Any CPU
		{3A144006-C7CC-42F0-A631-D123DE583043}.Debug|x64.ActiveCfg = Debug|Any CPU
		{3A144006-C7CC-42F0-A631-D123DE583043}.Debug|x64.Build.0 = Debug|Any CPU
		{3A144006-C7CC-42F0-A631-D123DE583043}.Debug|x86.ActiveCfg = Debug|Any CPU
		{3A144006-C7CC-42F0-A631-D123DE583043}.Debug|x86.Build.0 = Debug|Any CPU
		{3A144006-C7CC-42F0-A631-D123DE583043}.Release|Any CPU.ActiveCfg = Release|Any CPU
		{3A144006-C7CC-42F0-A631-D123DE583043}.Release|Any CPU.Build.0 = Release|Any CPU
		{3A144006-C7CC-42F0-A631-D123DE583043}.Release|x64.ActiveCfg = Release|Any CPU
		{3A144006-C7CC-42F0-A631-D123DE583043}.Release|x64.Build.0 = Release|Any CPU
		{3A144006-C7CC-42F0-A631-D123DE583043}.Release|x86.ActiveCfg = Release|Any CPU
		{3A144006-C7CC-42F0-A631-D123DE583043}.Release|x86.Build.0 = Release|Any CPU
		{1291C60B-4A6A-46DC-B78D-FC5D88D7BA0A}.Debug|Any CPU.ActiveCfg = Debug|Any CPU
		{1291C60B-4A6A-46DC-B78D-FC5D88D7BA0A}.Debug|Any CPU.Build.0 = Debug|Any CPU
		{1291C60B-4A6A-46DC-B78D-FC5D88D7BA0A}.Debug|x64.ActiveCfg = Debug|Any CPU
		{1291C60B-4A6A-46DC-B78D-FC5D88D7BA0A}.Debug|x64.Build.0 = Debug|Any CPU
		{1291C60B-4A6A-46DC-B78D-FC5D88D7BA0A}.Debug|x86.ActiveCfg = Debug|Any CPU
		{1291C60B-4A6A-46DC-B78D-FC5D88D7BA0A}.Debug|x86.Build.0 = Debug|Any CPU
		{1291C60B-4A6A-46DC-B78D-FC5D88D7BA0A}.Release|Any CPU.ActiveCfg = Release|Any CPU
		{1291C60B-4A6A-46DC-B78D-FC5D88D7BA0A}.Release|Any CPU.Build.0 = Release|Any CPU
		{1291C60B-4A6A-46DC-B78D-FC5D88D7BA0A}.Release|x64.ActiveCfg = Release|Any CPU
		{1291C60B-4A6A-46DC-B78D-FC5D88D7BA0A}.Release|x64.Build.0 = Release|Any CPU
		{1291C60B-4A6A-46DC-B78D-FC5D88D7BA0A}.Release|x86.ActiveCfg = Release|Any CPU
		{1291C60B-4A6A-46DC-B78D-FC5D88D7BA0A}.Release|x86.Build.0 = Release|Any CPU
		{DED43361-1E9E-477C-B32A-8A8ED76EBF3F}.Debug|Any CPU.ActiveCfg = Debug|Any CPU
		{DED43361-1E9E-477C-B32A-8A8ED76EBF3F}.Debug|Any CPU.Build.0 = Debug|Any CPU
		{DED43361-1E9E-477C-B32A-8A8ED76EBF3F}.Debug|x64.ActiveCfg = Debug|Any CPU
		{DED43361-1E9E-477C-B32A-8A8ED76EBF3F}.Debug|x64.Build.0 = Debug|Any CPU
		{DED43361-1E9E-477C-B32A-8A8ED76EBF3F}.Debug|x86.ActiveCfg = Debug|Any CPU
		{DED43361-1E9E-477C-B32A-8A8ED76EBF3F}.Debug|x86.Build.0 = Debug|Any CPU
		{DED43361-1E9E-477C-B32A-8A8ED76EBF3F}.Release|Any CPU.ActiveCfg = Release|Any CPU
		{DED43361-1E9E-477C-B32A-8A8ED76EBF3F}.Release|Any CPU.Build.0 = Release|Any CPU
		{DED43361-1E9E-477C-B32A-8A8ED76EBF3F}.Release|x64.ActiveCfg = Release|Any CPU
		{DED43361-1E9E-477C-B32A-8A8ED76EBF3F}.Release|x64.Build.0 = Release|Any CPU
		{DED43361-1E9E-477C-B32A-8A8ED76EBF3F}.Release|x86.ActiveCfg = Release|Any CPU
		{DED43361-1E9E-477C-B32A-8A8ED76EBF3F}.Release|x86.Build.0 = Release|Any CPU
		{54CD783F-7024-42C5-AF61-0169567E9594}.Debug|Any CPU.ActiveCfg = Debug|Any CPU
		{54CD783F-7024-42C5-AF61-0169567E9594}.Debug|Any CPU.Build.0 = Debug|Any CPU
		{54CD783F-7024-42C5-AF61-0169567E9594}.Debug|x64.ActiveCfg = Debug|Any CPU
		{54CD783F-7024-42C5-AF61-0169567E9594}.Debug|x64.Build.0 = Debug|Any CPU
		{54CD783F-7024-42C5-AF61-0169567E9594}.Debug|x86.ActiveCfg = Debug|Any CPU
		{54CD783F-7024-42C5-AF61-0169567E9594}.Debug|x86.Build.0 = Debug|Any CPU
		{54CD783F-7024-42C5-AF61-0169567E9594}.Release|Any CPU.ActiveCfg = Release|Any CPU
		{54CD783F-7024-42C5-AF61-0169567E9594}.Release|Any CPU.Build.0 = Release|Any CPU
		{54CD783F-7024-42C5-AF61-0169567E9594}.Release|x64.ActiveCfg = Release|Any CPU
		{54CD783F-7024-42C5-AF61-0169567E9594}.Release|x64.Build.0 = Release|Any CPU
		{54CD783F-7024-42C5-AF61-0169567E9594}.Release|x86.ActiveCfg = Release|Any CPU
		{54CD783F-7024-42C5-AF61-0169567E9594}.Release|x86.Build.0 = Release|Any CPU
	EndGlobalSection
EndGlobal
